
Microsoft Visual Studio Solution File, Format Version 12.00
# Visual Studio Version 17
VisualStudioVersion = 17.5.002.0
MinimumVisualStudioVersion = 10.0.40219.1
Project("{9A19103F-16F7-4668-BE54-9A1E7A4F7556}") = "Guessing", "Guessing.csproj", "{393C19D9-9B1E-47BB-A3FE-4122A619B704}"
EndProject
Global
	GlobalSection(SolutionConfigurationPlatforms) = preSolution
		Debug|Any CPU = Debug|Any CPU
		Release|Any CPU = Release|Any CPU
	EndGlobalSection
	GlobalSection(ProjectConfigurationPlatforms) = postSolution
		{393C19D9-9B1E-47BB-A3FE-4122A619B704}.Debug|Any CPU.ActiveCfg = Debug|Any CPU
		{393C19D9-9B1E-47BB-A3FE-4122A619B704}.Debug|Any CPU.Build.0 = Debug|Any CPU
		{393C19D9-9B1E-47BB-A3FE-4122A619B704}.Release|Any CPU.ActiveCfg = Release|Any CPU
		{393C19D9-9B1E-47BB-A3FE-4122A619B704}.Release|Any CPU.Build.0 = Release|Any CPU
	EndGlobalSection
	GlobalSection(SolutionProperties) = preSolution
		HideSolutionNode = FALSE
	EndGlobalSection
	GlobalSection(ExtensibilityGlobals) = postSolution
		SolutionGuid = {F6E08FD9-FAE5-4D59-9217-E27FB40FE548}
	EndGlobalSection
EndGlobal
